
Microsoft Visual Studio Solution File, Format Version 12.00
# Visual Studio Version 16
VisualStudioVersion = 16.0.29209.62
MinimumVisualStudioVersion = 10.0.40219.1
Project("{FAE04EC0-301F-11D3-BF4B-00C04F79EFBC}") = "Ejercicio07.Android", "Ejercicio07\Ejercicio07.Android\Ejercicio07.Android.csproj", "{CADB5722-4BC6-4814-85AB-A36AE2382CF3}"
EndProject
Project("{FAE04EC0-301F-11D3-BF4B-00C04F79EFBC}") = "Ejercicio07.iOS", "Ejercicio07\Ejercicio07.iOS\Ejercicio07.iOS.csproj", "{EDEABC4B-FFAB-4CEB-88CC-BC32E54D9CEE}"
EndProject
Project("{FAE04EC0-301F-11D3-BF4B-00C04F79EFBC}") = "Ejercicio07", "Ejercicio07\Ejercicio07\Ejercicio07.csproj", "{CA9B867D-D041-48D6-9ACB-DA3E41D34DF6}"
EndProject
Global
	GlobalSection(SolutionConfigurationPlatforms) = preSolution
		Debug|Any CPU = Debug|Any CPU
		Debug|iPhone = Debug|iPhone
		Debug|iPhoneSimulator = Debug|iPhoneSimulator
		Release|Any CPU = Release|Any CPU
		Release|iPhone = Release|iPhone
		Release|iPhoneSimulator = Release|iPhoneSimulator
	EndGlobalSection
	GlobalSection(ProjectConfigurationPlatforms) = postSolution
		{CADB5722-4BC6-4814-85AB-A36AE2382CF3}.Debug|Any CPU.ActiveCfg = Debug|Any CPU
		{CADB5722-4BC6-4814-85AB-A36AE2382CF3}.Debug|Any CPU.Build.0 = Debug|Any CPU
		{CADB5722-4BC6-4814-85AB-A36AE2382CF3}.Debug|Any CPU.Deploy.0 = Debug|Any CPU
		{CADB5722-4BC6-4814-85AB-A36AE2382CF3}.Debug|iPhone.ActiveCfg = Debug|Any CPU
		{CADB5722-4BC6-4814-85AB-A36AE2382CF3}.Debug|iPhone.Build.0 = Debug|Any CPU
		{CADB5722-4BC6-4814-85AB-A36AE2382CF3}.Debug|iPhone.Deploy.0 = Debug|Any CPU
		{CADB5722-4BC6-4814-85AB-A36AE2382CF3}.Debug|iPhoneSimulator.ActiveCfg = Debug|Any CPU
		{CADB5722-4BC6-4814-85AB-A36AE2382CF3}.Debug|iPhoneSimulator.Build.0 = Debug|Any CPU
		{CADB5722-4BC6-4814-85AB-A36AE2382CF3}.Debug|iPhoneSimulator.Deploy.0 = Debug|Any CPU
		{CADB5722-4BC6-4814-85AB-A36AE2382CF3}.Release|Any CPU.ActiveCfg = Release|Any CPU
		{CADB5722-4BC6-4814-85AB-A36AE2382CF3}.Release|Any CPU.Build.0 = Release|Any CPU
		{CADB5722-4BC6-4814-85AB-A36AE2382CF3}.Release|Any CPU.Deploy.0 = Release|Any CPU
		{CADB5722-4BC6-4814-85AB-A36AE2382CF3}.Release|iPhone.ActiveCfg = Release|Any CPU
		{CADB5722-4BC6-4814-85AB-A36AE2382CF3}.Release|iPhone.Build.0 = Release|Any CPU
		{CADB5722-4BC6-4814-85AB-A36AE2382CF3}.Release|iPhone.Deploy.0 = Release|Any CPU
		{CADB5722-4BC6-4814-85AB-A36AE2382CF3}.Release|iPhoneSimulator.ActiveCfg = Release|Any CPU
		{CADB5722-4BC6-4814-85AB-A36AE2382CF3}.Release|iPhoneSimulator.Build.0 = Release|Any CPU
		{CADB5722-4BC6-4814-85AB-A36AE2382CF3}.Release|iPhoneSimulator.Deploy.0 = Release|Any CPU
		{EDEABC4B-FFAB-4CEB-88CC-BC32E54D9CEE}.Debug|Any CPU.ActiveCfg = Debug|iPhoneSimulator
		{EDEABC4B-FFAB-4CEB-88CC-BC32E54D9CEE}.Debug|Any CPU.Build.0 = Debug|iPhoneSimulator
		{EDEABC4B-FFAB-4CEB-88CC-BC32E54D9CEE}.Debug|Any CPU.Deploy.0 = Debug|iPhoneSimulator
		{EDEABC4B-FFAB-4CEB-88CC-BC32E54D9CEE}.Debug|iPhone.ActiveCfg = Debug|iPhone
		{EDEABC4B-FFAB-4CEB-88CC-BC32E54D9CEE}.Debug|iPhone.Build.0 = Debug|iPhone
		{EDEABC4B-FFAB-4CEB-88CC-BC32E54D9CEE}.Debug|iPhone.Deploy.0 = Debug|iPhone
		{EDEABC4B-FFAB-4CEB-88CC-BC32E54D9CEE}.Debug|iPhoneSimulator.ActiveCfg = Debug|iPhoneSimulator
		{EDEABC4B-FFAB-4CEB-88CC-BC32E54D9CEE}.Debug|iPhoneSimulator.Build.0 = Debug|iPhoneSimulator
		{EDEABC4B-FFAB-4CEB-88CC-BC32E54D9CEE}.Debug|iPhoneSimulator.Deploy.0 = Debug|iPhoneSimulator
		{EDEABC4B-FFAB-4CEB-88CC-BC32E54D9CEE}.Release|Any CPU.ActiveCfg = Release|iPhone
		{EDEABC4B-FFAB-4CEB-88CC-BC32E54D9CEE}.Release|Any CPU.Build.0 = Release|iPhone
		{EDEABC4B-FFAB-4CEB-88CC-BC32E54D9CEE}.Release|Any CPU.Deploy.0 = Release|iPhone
		{EDEABC4B-FFAB-4CEB-88CC-BC32E54D9CEE}.Release|iPhone.ActiveCfg = Release|iPhone
		{EDEABC4B-FFAB-4CEB-88CC-BC32E54D9CEE}.Release|iPhone.Build.0 = Release|iPhone
		{EDEABC4B-FFAB-4CEB-88CC-BC32E54D9CEE}.Release|iPhone.Deploy.0 = Release|iPhone
		{EDEABC4B-FFAB-4CEB-88CC-BC32E54D9CEE}.Release|iPhoneSimulator.ActiveCfg = Release|iPhoneSimulator
		{EDEABC4B-FFAB-4CEB-88CC-BC32E54D9CEE}.Release|iPhoneSimulator.Build.0 = Release|iPhoneSimulator
		{EDEABC4B-FFAB-4CEB-88CC-BC32E54D9CEE}.Release|iPhoneSimulator.Deploy.0 = Release|iPhoneSimulator
		{CA9B867D-D041-48D6-9ACB-DA3E41D34DF6}.Debug|Any CPU.ActiveCfg = Debug|Any CPU
		{CA9B867D-D041-48D6-9ACB-DA3E41D34DF6}.Debug|Any CPU.Build.0 = Debug|Any CPU
		{CA9B867D-D041-48D6-9ACB-DA3E41D34DF6}.Debug|Any CPU.Deploy.0 = Debug|Any CPU
		{CA9B867D-D041-48D6-9ACB-DA3E41D34DF6}.Debug|iPhone.ActiveCfg = Debug|Any CPU
		{CA9B867D-D041-48D6-9ACB-DA3E41D34DF6}.Debug|iPhone.Build.0 = Debug|Any CPU
		{CA9B867D-D041-48D6-9ACB-DA3E41D34DF6}.Debug|iPhone.Deploy.0 = Debug|Any CPU
		{CA9B867D-D041-48D6-9ACB-DA3E41D34DF6}.Debug|iPhoneSimulator.ActiveCfg = Debug|Any CPU
		{CA9B867D-D041-48D6-9ACB-DA3E41D34DF6}.Debug|iPhoneSimulator.Build.0 = Debug|Any CPU
		{CA9B867D-D041-48D6-9ACB-DA3E41D34DF6}.Debug|iPhoneSimulator.Deploy.0 = Debug|Any CPU
		{CA9B867D-D041-48D6-9ACB-DA3E41D34DF6}.Release|Any CPU.ActiveCfg = Release|Any CPU
		{CA9B867D-D041-48D6-9ACB-DA3E41D34DF6}.Release|Any CPU.Build.0 = Release|Any CPU
		{CA9B867D-D041-48D6-9ACB-DA3E41D34DF6}.Release|Any CPU.Deploy.0 = Release|Any CPU
		{CA9B867D-D041-48D6-9ACB-DA3E41D34DF6}.Release|iPhone.ActiveCfg = Release|Any CPU
		{CA9B867D-D041-48D6-9ACB-DA3E41D34DF6}.Release|iPhone.Build.0 = Release|Any CPU
		{CA9B867D-D041-48D6-9ACB-DA3E41D34DF6}.Release|iPhone.Deploy.0 = Release|Any CPU
		{CA9B867D-D041-48D6-9ACB-DA3E41D34DF6}.Release|iPhoneSimulator.ActiveCfg = Release|Any CPU
		{CA9B867D-D041-48D6-9ACB-DA3E41D34DF6}.Release|iPhoneSimulator.Build.0 = Release|Any CPU
		{CA9B867D-D041-48D6-9ACB-DA3E41D34DF6}.Release|iPhoneSimulator.Deploy.0 = Release|Any CPU
	EndGlobalSection
	GlobalSection(SolutionProperties) = preSolution
		HideSolutionNode = FALSE
	EndGlobalSection
	GlobalSection(ExtensibilityGlobals) = postSolution
		SolutionGuid = {DF4243F8-1BFF-47DE-A4D6-A4AD96607FCB}
	EndGlobalSection
EndGlobal
